
Microsoft Visual Studio Solution File, Format Version 12.00
# Visual Studio Version 17
VisualStudioVersion = 17.5.33530.505
MinimumVisualStudioVersion = 10.0.40219.1
Project("{9A19103F-16F7-4668-BE54-9A1E7A4F7556}") = "PartyInvites", "PartyInvites\PartyInvites.csproj", "{7B19CB37-8629-42AD-BFF8-FE2519D4FC07}"
EndProject
Global
	GlobalSection(SolutionConfigurationPlatforms) = preSolution
		Debug|Any CPU = Debug|Any CPU
		Release|Any CPU = Release|Any CPU
	EndGlobalSection
	GlobalSection(ProjectConfigurationPlatforms) = postSolution
		{7B19CB37-8629-42AD-BFF8-FE2519D4FC07}.Debug|Any CPU.ActiveCfg = Debug|Any CPU
		{7B19CB37-8629-42AD-BFF8-FE2519D4FC07}.Debug|Any CPU.Build.0 = Debug|Any CPU
		{7B19CB37-8629-42AD-BFF8-FE2519D4FC07}.Release|Any CPU.ActiveCfg = Release|Any CPU
		{7B19CB37-8629-42AD-BFF8-FE2519D4FC07}.Release|Any CPU.Build.0 = Release|Any CPU
	EndGlobalSection
	GlobalSection(SolutionProperties) = preSolution
		HideSolutionNode = FALSE
	EndGlobalSection
	GlobalSection(ExtensibilityGlobals) = postSolution
		SolutionGuid = {C34AB14E-AA3A-4935-8498-5C3B2D917C56}
	EndGlobalSection
EndGlobal
